// !$*UTF8*$!
{
	archiveVersion = 1;
	classes = {
	};
	objectVersion = 46;
	objects = {

/* Begin PBXBuildFile section */
		D61B7F011F6F89C9004B8C64 /* AppDelegate.swift in Sources */ = {isa = PBXBuildFile; fileRef = D61B7F001F6F89C9004B8C64 /* AppDelegate.swift */; };
		D61B7F031F6F89C9004B8C64 /* ViewController.swift in Sources */ = {isa = PBXBuildFile; fileRef = D61B7F021F6F89C9004B8C64 /* ViewController.swift */; };
		D61B7F061F6F89C9004B8C64 /* Main.storyboard in Resources */ = {isa = PBXBuildFile; fileRef = D61B7F041F6F89C9004B8C64 /* Main.storyboard */; };
		D61B7F081F6F89C9004B8C64 /* Assets.xcassets in Resources */ = {isa = PBXBuildFile; fileRef = D61B7F071F6F89C9004B8C64 /* Assets.xcassets */; };
		D61B7F0B1F6F89C9004B8C64 /* LaunchScreen.storyboard in Resources */ = {isa = PBXBuildFile; fileRef = D61B7F091F6F89C9004B8C64 /* LaunchScreen.storyboard */; };
		D61FEC951F7650DC00BBF763 /* ODsaySDK.framework in Frameworks */ = {isa = PBXBuildFile; fileRef = D61FEC941F7650DC00BBF763 /* ODsaySDK.framework */; };
/* End PBXBuildFile section */

/* Begin PBXFileReference section */
		D61B7EFD1F6F89C9004B8C64 /* ODsaySDKSampleSwift.app */ = {isa = PBXFileReference; explicitFileType = wrapper.application; includeInIndex = 0; path = ODsaySDKSampleSwift.app; sourceTree = BUILT_PRODUCTS_DIR; };
		D61B7F001F6F89C9004B8C64 /* AppDelegate.swift */ = {isa = PBXFileReference; lastKnownFileType = sourcecode.swift; path = AppDelegate.swift; sourceTree = "<group>"; };
		D61B7F021F6F89C9004B8C64 /* ViewController.swift */ = {isa = PBXFileReference; lastKnownFileType = sourcecode.swift; path = ViewController.swift; sourceTree = "<group>"; };
		D61B7F051F6F89C9004B8C64 /* Base */ = {isa = PBXFileReference; lastKnownFileType = file.storyboard; name = Base; path = Base.lproj/Main.storyboard; sourceTree = "<group>"; };
		D61B7F071F6F89C9004B8C64 /* Assets.xcassets */ = {isa = PBXFileReference; lastKnownFileType = folder.assetcatalog; path = Assets.xcassets; sourceTree = "<group>"; };
		D61B7F0A1F6F89C9004B8C64 /* Base */ = {isa = PBXFileReference; lastKnownFileType = file.storyboard; name = Base; path = Base.lproj/LaunchScreen.storyboard; sourceTree = "<group>"; };
		D61B7F0C1F6F89C9004B8C64 /* Info.plist */ = {isa = PBXFileReference; lastKnownFileType = text.plist.xml; path = Info.plist; sourceTree = "<group>"; };
		D61B7F251F6F8ECD004B8C64 /* ODsaySDKSampleSwift-Swift.h */ = {isa = PBXFileReference; lastKnownFileType = sourcecode.c.h; path = "ODsaySDKSampleSwift-Swift.h"; sourceTree = "<group>"; };
		D61FEC941F7650DC00BBF763 /* ODsaySDK.framework */ = {isa = PBXFileReference; lastKnownFileType = wrapper.framework; name = ODsaySDK.framework; path = ODsaySDKSampleSwift/ODsaySDK/ODsaySDK.framework; sourceTree = "<group>"; };
/* End PBXFileReference section */

/* Begin PBXFrameworksBuildPhase section */
		D61B7EFA1F6F89C9004B8C64 /* Frameworks */ = {
			isa = PBXFrameworksBuildPhase;
			buildActionMask = 2147483647;
			files = (
				D61FEC951F7650DC00BBF763 /* ODsaySDK.framework in Frameworks */,
			);
			runOnlyForDeploymentPostprocessing = 0;
		};
/* End PBXFrameworksBuildPhase section */

/* Begin PBXGroup section */
		D61B7EF41F6F89C9004B8C64 = {
			isa = PBXGroup;
			children = (
				D61B7F251F6F8ECD004B8C64 /* ODsaySDKSampleSwift-Swift.h */,
				D61B7EFF1F6F89C9004B8C64 /* ODsaySDKSampleSwift */,
				D61B7EFE1F6F89C9004B8C64 /* Products */,
				D61B7F171F6F8AD7004B8C64 /* Frameworks */,
			);
			sourceTree = "<group>";
		};
		D61B7EFE1F6F89C9004B8C64 /* Products */ = {
			isa = PBXGroup;
			children = (
				D61B7EFD1F6F89C9004B8C64 /* ODsaySDKSampleSwift.app */,
			);
			name = Products;
			sourceTree = "<group>";
		};
		D61B7EFF1F6F89C9004B8C64 /* ODsaySDKSampleSwift */ = {
			isa = PBXGroup;
			children = (
				D61B7F001F6F89C9004B8C64 /* AppDelegate.swift */,
				D61B7F021F6F89C9004B8C64 /* ViewController.swift */,
				D61B7F041F6F89C9004B8C64 /* Main.storyboard */,
				D61B7F071F6F89C9004B8C64 /* Assets.xcassets */,
				D61B7F091F6F89C9004B8C64 /* LaunchScreen.storyboard */,
				D61B7F0C1F6F89C9004B8C64 /* Info.plist */,
			);
			path = ODsaySDKSampleSwift;
			sourceTree = "<group>";
		};
		D61B7F171F6F8AD7004B8C64 /* Frameworks */ = {
			isa = PBXGroup;
			children = (
				D61FEC941F7650DC00BBF763 /* ODsaySDK.framework */,
			);
			name = Frameworks;
			sourceTree = "<group>";
		};
/* End PBXGroup section */

/* Begin PBXNativeTarget section */
		D61B7EFC1F6F89C9004B8C64 /* ODsaySDKSampleSwift */ = {
			isa = PBXNativeTarget;
			buildConfigurationList = D61B7F0F1F6F89C9004B8C64 /* Build configuration list for PBXNativeTarget "ODsaySDKSampleSwift" */;
			buildPhases = (
				D61B7EF91F6F89C9004B8C64 /* Sources */,
				D61B7EFA1F6F89C9004B8C64 /* Frameworks */,
				D61B7EFB1F6F89C9004B8C64 /* Resources */,
			);
			buildRules = (
			);
			dependencies = (
			);
			name = ODsaySDKSampleSwift;
			productName = ODsaySDKSampleSwift;
			productReference = D61B7EFD1F6F89C9004B8C64 /* ODsaySDKSampleSwift.app */;
			productType = "com.apple.product-type.application";
		};
/* End PBXNativeTarget section */

/* Begin PBXProject section */
		D61B7EF51F6F89C9004B8C64 /* Project object */ = {
			isa = PBXProject;
			attributes = {
				LastSwiftUpdateCheck = 0830;
				LastUpgradeCheck = 0830;
				ORGANIZATIONNAME = "SEONG HOON CHOI";
				TargetAttributes = {
					D61B7EFC1F6F89C9004B8C64 = {
						CreatedOnToolsVersion = 8.3.3;
						DevelopmentTeam = 7K6B77X64G;
						ProvisioningStyle = Automatic;
					};
				};
			};
			buildConfigurationList = D61B7EF81F6F89C9004B8C64 /* Build configuration list for PBXProject "ODsaySDKSampleSwift" */;
			compatibilityVersion = "Xcode 3.2";
			developmentRegion = English;
			hasScannedForEncodings = 0;
			knownRegions = (
				English,
				en,
				Base,
			);
			mainGroup = D61B7EF41F6F89C9004B8C64;
			productRefGroup = D61B7EFE1F6F89C9004B8C64 /* Products */;
			projectDirPath = "";
			projectRoot = "";
			targets = (
				D61B7EFC1F6F89C9004B8C64 /* ODsaySDKSampleSwift */,
			);
		};
/* End PBXProject section */

/* Begin PBXResourcesBuildPhase section */
		D61B7EFB1F6F89C9004B8C64 /* Resources */ = {
			isa = PBXResourcesBuildPhase;
			buildActionMask = 2147483647;
			files = (
				D61B7F0B1F6F89C9004B8C64 /* LaunchScreen.storyboard in Resources */,
				D61B7F081F6F89C9004B8C64 /* Assets.xcassets in Resources */,
				D61B7F061F6F89C9004B8C64 /* Main.storyboard in Resources */,
			);
			runOnlyForDeploymentPostprocessing = 0;
		};
/* End PBXResourcesBuildPhase section */

/* Begin PBXSourcesBuildPhase section */
		D61B7EF91F6F89C9004B8C64 /* Sources */ = {
			isa = PBXSourcesBuildPhase;
			buildActionMask = 2147483647;
			files = (
				D61B7F031F6F89C9004B8C64 /* ViewController.swift in Sources */,
				D61B7F011F6F89C9004B8C64 /* AppDelegate.swift in Sources */,
			);
			runOnlyForDeploymentPostprocessing = 0;
		};
/* End PBXSourcesBuildPhase section */

/* Begin PBXVariantGroup section */
		D61B7F041F6F89C9004B8C64 /* Main.storyboard */ = {
			isa = PBXVariantGroup;
			children = (
				D61B7F051F6F89C9004B8C64 /* Base */,
			);
			name = Main.storyboard;
			sourceTree = "<group>";
		};
		D61B7F091F6F89C9004B8C64 /* LaunchScreen.storyboard */ = {
			isa = PBXVariantGroup;
			children = (
				D61B7F0A1F6F89C9004B8C64 /* Base */,
			);
			name = LaunchScreen.storyboard;
			sourceTree = "<group>";
		};
/* End PBXVariantGroup section */

/* Begin XCBuildConfiguration section */
		D61B7F0D1F6F89C9004B8C64 /* Debug */ = {
			isa = XCBuildConfiguration;
			buildSettings = {
				ALWAYS_SEARCH_USER_PATHS = NO;
				CLANG_ANALYZER_NONNULL = YES;
				CLANG_ANALYZER_NUMBER_OBJECT_CONVERSION = YES_AGGRESSIVE;
				CLANG_CXX_LANGUAGE_STANDARD = "gnu++0x";
				CLANG_CXX_LIBRARY = "libc++";
				CLANG_ENABLE_MODULES = YES;
				CLANG_ENABLE_OBJC_ARC = YES;
				CLANG_WARN_BOOL_CONVERSION = YES;
				CLANG_WARN_CONSTANT_CONVERSION = YES;
				CLANG_WARN_DIRECT_OBJC_ISA_USAGE = YES_ERROR;
				CLANG_WARN_DOCUMENTATION_COMMENTS = YES;
				CLANG_WARN_EMPTY_BODY = YES;
				CLANG_WARN_ENUM_CONVERSION = YES;
				CLANG_WARN_INFINITE_RECURSION = YES;
				CLANG_WARN_INT_CONVERSION = YES;
				CLANG_WARN_OBJC_ROOT_CLASS = YES_ERROR;
				CLANG_WARN_SUSPICIOUS_MOVE = YES;
				CLANG_WARN_UNREACHABLE_CODE = YES;
				CLANG_WARN__DUPLICATE_METHOD_MATCH = YES;
				"CODE_SIGN_IDENTITY[sdk=iphoneos*]" = "iPhone Developer";
				COPY_PHASE_STRIP = NO;
				DEBUG_INFORMATION_FORMAT = dwarf;
				ENABLE_STRICT_OBJC_MSGSEND = YES;
				ENABLE_TESTABILITY = YES;
				GCC_C_LANGUAGE_STANDARD = gnu99;
				GCC_DYNAMIC_NO_PIC = NO;
				GCC_NO_COMMON_BLOCKS = YES;
				GCC_OPTIMIZATION_LEVEL = 0;
				GCC_PREPROCESSOR_DEFINITIONS = (
					"DEBUG=1",
					"$(inherited)",
				);
				GCC_WARN_64_TO_32_BIT_CONVERSION = YES;
				GCC_WARN_ABOUT_RETURN_TYPE = YES_ERROR;
				GCC_WARN_UNDECLARED_SELECTOR = YES;
				GCC_WARN_UNINITIALIZED_AUTOS = YES_AGGRESSIVE;
				GCC_WARN_UNUSED_FUNCTION = YES;
				GCC_WARN_UNUSED_VARIABLE = YES;
				IPHONEOS_DEPLOYMENT_TARGET = 10.3;
				MTL_ENABLE_DEBUG_INFO = YES;
				ONLY_ACTIVE_ARCH = YES;
				SDKROOT = iphoneos;
				SWIFT_ACTIVE_COMPILATION_CONDITIONS = DEBUG;
				SWIFT_OPTIMIZATION_LEVEL = "-Onone";
				TARGETED_DEVICE_FAMILY = "1,2";
			};
			name = Debug;
		};
		D61B7F0E1F6F89C9004B8C64 /* Release */ = {
			isa = XCBuildConfiguration;
			buildSettings = {
				ALWAYS_SEARCH_USER_PATHS = NO;
				CLANG_ANALYZER_NONNULL = YES;
				CLANG_ANALYZER_NUMBER_OBJECT_CONVERSION = YES_AGGRESSIVE;
				CLANG_CXX_LANGUAGE_STANDARD = "gnu++0x";
				CLANG_CXX_LIBRARY = "libc++";
				CLANG_ENABLE_MODULES = YES;
				CLANG_ENABLE_OBJC_ARC = YES;
				CLANG_WARN_BOOL_CONVERSION = YES;
				CLANG_WARN_CONSTANT_CONVERSION = YES;
				CLANG_WARN_DIRECT_OBJC_ISA_USAGE = YES_ERROR;
				CLANG_WARN_DOCUMENTATION_COMMENTS = YES;
				CLANG_WARN_EMPTY_BODY = YES;
				CLANG_WARN_ENUM_CONVERSION = YES;
				CLANG_WARN_INFINITE_RECURSION = YES;
				CLANG_WARN_INT_CONVERSION = YES;
				CLANG_WARN_OBJC_ROOT_CLASS = YES_ERROR;
				CLANG_WARN_SUSPICIOUS_MOVE = YES;
				CLANG_WARN_UNREACHABLE_CODE = YES;
				CLANG_WARN__DUPLICATE_METHOD_MATCH = YES;
				"CODE_SIGN_IDENTITY[sdk=iphoneos*]" = "iPhone Developer";
				COPY_PHASE_STRIP = NO;
				DEBUG_INFORMATION_FORMAT = "dwarf-with-dsym";
				ENABLE_NS_ASSERTIONS = NO;
				ENABLE_STRICT_OBJC_MSGSEND = YES;
				GCC_C_LANGUAGE_STANDARD = gnu99;
				GCC_NO_COMMON_BLOCKS = YES;
				GCC_WARN_64_TO_32_BIT_CONVERSION = YES;
				GCC_WARN_ABOUT_RETURN_TYPE = YES_ERROR;
				GCC_WARN_UNDECLARED_SELECTOR = YES;
				GCC_WARN_UNINITIALIZED_AUTOS = YES_AGGRESSIVE;
				GCC_WARN_UNUSED_FUNCTION = YES;
				GCC_WARN_UNUSED_VARIABLE = YES;
				IPHONEOS_DEPLOYMENT_TARGET = 10.3;
				MTL_ENABLE_DEBUG_INFO = NO;
				SDKROOT = iphoneos;
				SWIFT_OPTIMIZATION_LEVEL = "-Owholemodule";
				TARGETED_DEVICE_FAMILY = "1,2";
				VALIDATE_PRODUCT = YES;
			};
			name = Release;
		};
		D61B7F101F6F89C9004B8C64 /* Debug */ = {
			isa = XCBuildConfiguration;
			buildSettings = {
				ASSETCATALOG_COMPILER_APPICON_NAME = AppIcon;
				CODE_SIGN_IDENTITY = "iPhone Developer";
				DEVELOPMENT_TEAM = 7K6B77X64G;
				FRAMEWORK_SEARCH_PATHS = (
					"$(inherited)",
					"$(PROJECT_DIR)/ODsaySDKSampleSwift/ODsaySDK",
				);
				HEADER_SEARCH_PATHS = "";
				INFOPLIST_FILE = ODsaySDKSampleSwift/Info.plist;
				LD_RUNPATH_SEARCH_PATHS = "$(inherited) @executable_path/Frameworks";
				OTHER_LDFLAGS = "-ObjC";
				PRODUCT_BUNDLE_IDENTIFIER = com.odsay.ODsaySDKSampleSwift;
				PRODUCT_NAME = "$(TARGET_NAME)";
				SWIFT_OBJC_BRIDGING_HEADER = "/Users/jamechoi/Desktop/AroProject/07.ODsaySDK/ODsaySDKForIOS/ODsaySDKSampleSwift/ODsaySDKSampleSwift-Swift.h";
				SWIFT_VERSION = 5.0;
			};
			name = Debug;
		};
		D61B7F111F6F89C9004B8C64 /* Release */ = {
			isa = XCBuildConfiguration;
			buildSettings = {
				ASSETCATALOG_COMPILER_APPICON_NAME = AppIcon;
				CODE_SIGN_IDENTITY = "iPhone Developer";
				DEVELOPMENT_TEAM = 7K6B77X64G;
				FRAMEWORK_SEARCH_PATHS = (
					"$(inherited)",
					"$(PROJECT_DIR)/ODsaySDKSampleSwift/ODsaySDK",
				);
				HEADER_SEARCH_PATHS = "";
				INFOPLIST_FILE = ODsaySDKSampleSwift/Info.plist;
				LD_RUNPATH_SEARCH_PATHS = "$(inherited) @executable_path/Frameworks";
				OTHER_LDFLAGS = "-ObjC";
				PRODUCT_BUNDLE_IDENTIFIER = com.odsay.ODsaySDKSampleSwift;
				PRODUCT_NAME = "$(TARGET_NAME)";
				SWIFT_OBJC_BRIDGING_HEADER = "/Users/jamechoi/Desktop/AroProject/07.ODsaySDK/ODsaySDKForIOS/ODsaySDKSampleSwift/ODsaySDKSampleSwift-Swift.h";
				SWIFT_VERSION = 5.0;
			};
			name = Release;
		};
/* End XCBuildConfiguration section */

/* Begin XCConfigurationList section */
		D61B7EF81F6F89C9004B8C64 /* Build configuration list for PBXProject "ODsaySDKSampleSwift" */ = {
			isa = XCConfigurationList;
			buildConfigurations = (
				D61B7F0D1F6F89C9004B8C64 /* Debug */,
				D61B7F0E1F6F89C9004B8C64 /* Release */,
			);
			defaultConfigurationIsVisible = 0;
			defaultConfigurationName = Release;
		};
		D61B7F0F1F6F89C9004B8C64 /* Build configuration list for PBXNativeTarget "ODsaySDKSampleSwift" */ = {
			isa = XCConfigurationList;
			buildConfigurations = (
				D61B7F101F6F89C9004B8C64 /* Debug */,
				D61B7F111F6F89C9004B8C64 /* Release */,
			);
			defaultConfigurationIsVisible = 0;
			defaultConfigurationName = Release;
		};
/* End XCConfigurationList section */
	};
	rootObject = D61B7EF51F6F89C9004B8C64 /* Project object */;
}
